
Microsoft Visual Studio Solution File, Format Version 12.00
# Visual Studio Version 17
VisualStudioVersion = 17.9.34622.214
MinimumVisualStudioVersion = 10.0.40219.1
Project("{FAE04EC0-301F-11D3-BF4B-00C04F79EFBC}") = "SalesWebMvc", "SalesWebMvc\SalesWebMvc.csproj", "{F821FA4B-0A15-4B61-846A-EB904ADCEE48}"
EndProject
Global
	GlobalSection(SolutionConfigurationPlatforms) = preSolution
		Debug|Any CPU = Debug|Any CPU
		Release|Any CPU = Release|Any CPU
	EndGlobalSection
	GlobalSection(ProjectConfigurationPlatforms) = postSolution
		{F821FA4B-0A15-4B61-846A-EB904ADCEE48}.Debug|Any CPU.ActiveCfg = Debug|Any CPU
		{F821FA4B-0A15-4B61-846A-EB904ADCEE48}.Debug|Any CPU.Build.0 = Debug|Any CPU
		{F821FA4B-0A15-4B61-846A-EB904ADCEE48}.Release|Any CPU.ActiveCfg = Release|Any CPU
		{F821FA4B-0A15-4B61-846A-EB904ADCEE48}.Release|Any CPU.Build.0 = Release|Any CPU
	EndGlobalSection
	GlobalSection(SolutionProperties) = preSolution
		HideSolutionNode = FALSE
	EndGlobalSection
	GlobalSection(ExtensibilityGlobals) = postSolution
		SolutionGuid = {2DB51133-473D-4736-92D0-A07A00BC349E}
	EndGlobalSection
EndGlobal
